
Microsoft Visual Studio Solution File, Format Version 12.00
# Visual Studio Version 17
VisualStudioVersion = 17.2.32602.215
MinimumVisualStudioVersion = 10.0.40219.1
Project("{FAE04EC0-301F-11D3-BF4B-00C04F79EFBC}") = "Lecture 11 Notes", "Lecture 11 Notes.csproj", "{3444950B-726B-4368-887B-7FC5537D3BF7}"
EndProject
Global
	GlobalSection(SolutionConfigurationPlatforms) = preSolution
		Debug|Any CPU = Debug|Any CPU
		Release|Any CPU = Release|Any CPU
	EndGlobalSection
	GlobalSection(ProjectConfigurationPlatforms) = postSolution
		{3444950B-726B-4368-887B-7FC5537D3BF7}.Debug|Any CPU.ActiveCfg = Debug|Any CPU
		{3444950B-726B-4368-887B-7FC5537D3BF7}.Debug|Any CPU.Build.0 = Debug|Any CPU
		{3444950B-726B-4368-887B-7FC5537D3BF7}.Release|Any CPU.ActiveCfg = Release|Any CPU
		{3444950B-726B-4368-887B-7FC5537D3BF7}.Release|Any CPU.Build.0 = Release|Any CPU
	EndGlobalSection
	GlobalSection(SolutionProperties) = preSolution
		HideSolutionNode = FALSE
	EndGlobalSection
	GlobalSection(ExtensibilityGlobals) = postSolution
		SolutionGuid = {B2C975F0-1A0D-4FA5-B6B7-EBB166BD757D}
	EndGlobalSection
EndGlobal
